{
  "name": "CypressNPM ",
  "lockfileVersion": 3,
  "requires": true,
  "packages": {
    "": {
      "dependencies": {
        "cypress-generator": "^1.0.13"
      }
    },
    "node_modules/cypress-generator": {
      "version": "1.0.13",
      "resolved": "https://registry.npmjs.org/cypress-generator/-/cypress-generator-1.0.13.tgz",
      "integrity": "sha512-N48nwbB5m2T9mvJ1TCWjDiT91tfXAPUzwDuNhh7vSnyTxlK/AmUPRsPFX6pUfrQZBogl8ANZXwUIv8ea7JhcXQ==",
      "hasInstallScript": true,
      "license": "MIT",
      "dependencies": {
        "cypress-generator": "^1.0.9"
      },
      "bin": {
        "cypress-generator": "bin/cypress-generator.js"
      }
    }
  }
}
