{
  "name": "cypress-generator",
  "version": "1.0.9",
  "lockfileVersion": 3,
  "requires": true,
  "packages": {
    "": {
      "name": "cypress-generator",
      "version": "1.0.9",
      "hasInstallScript": true,
      "license": "MIT",
      "dependencies": {
        "cypress-generator": "^1.0.9"
      },
      "bin": {
        "cypress-generator": "bin/cypress-generator.js"
      }
    },
    "node_modules/cypress-generator": {
      "version": "1.0.9",
      "resolved": "https://registry.npmjs.org/cypress-generator/-/cypress-generator-1.0.9.tgz",
      "integrity": "sha512-yVo/7qf4uL3XDk0P5A264OLjxO9Jnf38fsTRobX1l8XXd61Y1lQGH5421WFZroFHQeXcZtlBZIOHe7ZRNp8mlw==",
      "hasInstallScript": true,
      "license": "MIT",
      "bin": {
        "cypress-generator": "bin/cypress-generator.js"
      }
    }
  }
}
