{
  "name": "cypress-generator",
  "version": "1.0.1",
  "lockfileVersion": 3,
  "requires": true,
  "packages": {
    "": {
      "name": "cypress-generator",
      "version": "1.0.1",
      "hasInstallScript": true,
      "license": "MIT",
      "bin": {
        "cypress-generator": "bin/cypress-generator.js"
      }
    }
  }
}
